
Microsoft Visual Studio Solution File, Format Version 12.00
# Visual Studio 15
VisualStudioVersion = 15.0.33026.149
MinimumVisualStudioVersion = 10.0.40219.1
Project("{8BC9CEB8-8B4A-11D0-8D11-00A0C91BC942}") = "test_2_15", "test_2_15\test_2_15.vcxproj", "{DFE49B25-C309-4AED-85C9-534CC06850BD}"
EndProject
Global
	GlobalSection(SolutionConfigurationPlatforms) = preSolution
		Debug|x64 = Debug|x64
		Debug|x86 = Debug|x86
		Release|x64 = Release|x64
		Release|x86 = Release|x86
	EndGlobalSection
	GlobalSection(ProjectConfigurationPlatforms) = postSolution
		{DFE49B25-C309-4AED-85C9-534CC06850BD}.Debug|x64.ActiveCfg = Debug|x64
		{DFE49B25-C309-4AED-85C9-534CC06850BD}.Debug|x64.Build.0 = Debug|x64
		{DFE49B25-C309-4AED-85C9-534CC06850BD}.Debug|x86.ActiveCfg = Debug|Win32
		{DFE49B25-C309-4AED-85C9-534CC06850BD}.Debug|x86.Build.0 = Debug|Win32
		{DFE49B25-C309-4AED-85C9-534CC06850BD}.Release|x64.ActiveCfg = Release|x64
		{DFE49B25-C309-4AED-85C9-534CC06850BD}.Release|x64.Build.0 = Release|x64
		{DFE49B25-C309-4AED-85C9-534CC06850BD}.Release|x86.ActiveCfg = Release|Win32
		{DFE49B25-C309-4AED-85C9-534CC06850BD}.Release|x86.Build.0 = Release|Win32
	EndGlobalSection
	GlobalSection(SolutionProperties) = preSolution
		HideSolutionNode = FALSE
	EndGlobalSection
	GlobalSection(ExtensibilityGlobals) = postSolution
		SolutionGuid = {198E4722-E831-405C-95D5-BE7EFB1D7130}
	EndGlobalSection
EndGlobal
