
Microsoft Visual Studio Solution File, Format Version 12.00
# Visual Studio 15
VisualStudioVersion = 15.0.33026.149
MinimumVisualStudioVersion = 10.0.40219.1
Project("{8BC9CEB8-8B4A-11D0-8D11-00A0C91BC942}") = "test_2_16", "test_2_16\test_2_16.vcxproj", "{3AE02906-A8FE-4FB0-B44F-949D82EA393D}"
EndProject
Global
	GlobalSection(SolutionConfigurationPlatforms) = preSolution
		Debug|x64 = Debug|x64
		Debug|x86 = Debug|x86
		Release|x64 = Release|x64
		Release|x86 = Release|x86
	EndGlobalSection
	GlobalSection(ProjectConfigurationPlatforms) = postSolution
		{3AE02906-A8FE-4FB0-B44F-949D82EA393D}.Debug|x64.ActiveCfg = Debug|x64
		{3AE02906-A8FE-4FB0-B44F-949D82EA393D}.Debug|x64.Build.0 = Debug|x64
		{3AE02906-A8FE-4FB0-B44F-949D82EA393D}.Debug|x86.ActiveCfg = Debug|Win32
		{3AE02906-A8FE-4FB0-B44F-949D82EA393D}.Debug|x86.Build.0 = Debug|Win32
		{3AE02906-A8FE-4FB0-B44F-949D82EA393D}.Release|x64.ActiveCfg = Release|x64
		{3AE02906-A8FE-4FB0-B44F-949D82EA393D}.Release|x64.Build.0 = Release|x64
		{3AE02906-A8FE-4FB0-B44F-949D82EA393D}.Release|x86.ActiveCfg = Release|Win32
		{3AE02906-A8FE-4FB0-B44F-949D82EA393D}.Release|x86.Build.0 = Release|Win32
	EndGlobalSection
	GlobalSection(SolutionProperties) = preSolution
		HideSolutionNode = FALSE
	EndGlobalSection
	GlobalSection(ExtensibilityGlobals) = postSolution
		SolutionGuid = {50D3B0D8-EA03-4D1B-BD3C-DFE0D657F992}
	EndGlobalSection
EndGlobal
